// !$*UTF8*$!
{
	archiveVersion = 1;
	classes = {
	};
	objectVersion = 56;
	objects = {

/* Begin PBXBuildFile section */
		13C067B02A94CEE0004FABD6 /* ProductType+Mappers.swift in Sources */ = {isa = PBXBuildFile; fileRef = 13C067AF2A94CEE0004FABD6 /* ProductType+Mappers.swift */; };
		13C067B22A94D86C004FABD6 /* Image+Generated.swift in Sources */ = {isa = PBXBuildFile; fileRef = 13C067B12A94D86C004FABD6 /* Image+Generated.swift */; };
		13C067B82A94E483004FABD6 /* CartManager.swift in Sources */ = {isa = PBXBuildFile; fileRef = 13C067B72A94E483004FABD6 /* CartManager.swift */; };
		13C067BB2A94E4D4004FABD6 /* Purchase.swift in Sources */ = {isa = PBXBuildFile; fileRef = 13C067BA2A94E4D4004FABD6 /* Purchase.swift */; };
		13C067BE2A94E60A004FABD6 /* ProductSize.swift in Sources */ = {isa = PBXBuildFile; fileRef = 13C067BD2A94E60A004FABD6 /* ProductSize.swift */; };
		13C067C32A94E821004FABD6 /* QuantitySelectorView.swift in Sources */ = {isa = PBXBuildFile; fileRef = 13C067C22A94E821004FABD6 /* QuantitySelectorView.swift */; };
		13C067C62A94EB3D004FABD6 /* CartViewModel.swift in Sources */ = {isa = PBXBuildFile; fileRef = 13C067C52A94EB3D004FABD6 /* CartViewModel.swift */; };
		13C067C82A94EFED004FABD6 /* CartCellView.swift in Sources */ = {isa = PBXBuildFile; fileRef = 13C067C72A94EFED004FABD6 /* CartCellView.swift */; };
		13C067CA2A94F294004FABD6 /* CartView.swift in Sources */ = {isa = PBXBuildFile; fileRef = 13C067C92A94F294004FABD6 /* CartView.swift */; };
		13C067CD2A94F934004FABD6 /* ProductCellView.swift in Sources */ = {isa = PBXBuildFile; fileRef = 13C067CC2A94F934004FABD6 /* ProductCellView.swift */; };
		13C067CF2A94FCC1004FABD6 /* ProductDetailView.swift in Sources */ = {isa = PBXBuildFile; fileRef = 13C067CE2A94FCC1004FABD6 /* ProductDetailView.swift */; };
		13C067D12A950654004FABD6 /* ProductListView.swift in Sources */ = {isa = PBXBuildFile; fileRef = 13C067D02A950654004FABD6 /* ProductListView.swift */; };
		13C067D42A9506B5004FABD6 /* ProductListViewModel.swift in Sources */ = {isa = PBXBuildFile; fileRef = 13C067D32A9506B5004FABD6 /* ProductListViewModel.swift */; };
		13D050622A94A258004223B2 /* Clean_NBAStoreApp.swift in Sources */ = {isa = PBXBuildFile; fileRef = 13D050612A94A258004223B2 /* Clean_NBAStoreApp.swift */; };
		13D050642A94A258004223B2 /* NBAStoreTabView.swift in Sources */ = {isa = PBXBuildFile; fileRef = 13D050632A94A258004223B2 /* NBAStoreTabView.swift */; };
		13D050662A94A259004223B2 /* Assets.xcassets in Resources */ = {isa = PBXBuildFile; fileRef = 13D050652A94A259004223B2 /* Assets.xcassets */; };
		13D050692A94A259004223B2 /* Preview Assets.xcassets in Resources */ = {isa = PBXBuildFile; fileRef = 13D050682A94A259004223B2 /* Preview Assets.xcassets */; };
		13D050782A94A571004223B2 /* products.json in Resources */ = {isa = PBXBuildFile; fileRef = 13D050772A94A571004223B2 /* products.json */; };
		13D0507B2A94AD05004223B2 /* APIError.swift in Sources */ = {isa = PBXBuildFile; fileRef = 13D0507A2A94AD05004223B2 /* APIError.swift */; };
		13D0507D2A94AD47004223B2 /* ModelData.swift in Sources */ = {isa = PBXBuildFile; fileRef = 13D0507C2A94AD47004223B2 /* ModelData.swift */; };
		13D050812A94AE54004223B2 /* ProductDTO.swift in Sources */ = {isa = PBXBuildFile; fileRef = 13D050802A94AE54004223B2 /* ProductDTO.swift */; };
		13D050832A94AFD9004223B2 /* ProductTypeDTO.swift in Sources */ = {isa = PBXBuildFile; fileRef = 13D050822A94AFD9004223B2 /* ProductTypeDTO.swift */; };
		13D050852A94B6C8004223B2 /* API.swift in Sources */ = {isa = PBXBuildFile; fileRef = 13D050842A94B6C8004223B2 /* API.swift */; };
		13D050882A94B78C004223B2 /* ProductRepositoryDefault.swift in Sources */ = {isa = PBXBuildFile; fileRef = 13D050872A94B78C004223B2 /* ProductRepositoryDefault.swift */; };
		13D0508B2A94B7F7004223B2 /* ProductRepository.swift in Sources */ = {isa = PBXBuildFile; fileRef = 13D0508A2A94B7F7004223B2 /* ProductRepository.swift */; };
		13D0508E2A94B828004223B2 /* Product.swift in Sources */ = {isa = PBXBuildFile; fileRef = 13D0508D2A94B828004223B2 /* Product.swift */; };
		13D050902A94B873004223B2 /* ProductType.swift in Sources */ = {isa = PBXBuildFile; fileRef = 13D0508F2A94B873004223B2 /* ProductType.swift */; };
		13D050922A94C1AA004223B2 /* Product+MappingError.swift in Sources */ = {isa = PBXBuildFile; fileRef = 13D050912A94C1AA004223B2 /* Product+MappingError.swift */; };
		13D0509A2A94C4C1004223B2 /* Product+Mappers.swift in Sources */ = {isa = PBXBuildFile; fileRef = 13D050992A94C4C1004223B2 /* Product+Mappers.swift */; };
/* End PBXBuildFile section */

/* Begin PBXFileReference section */
		13C067AF2A94CEE0004FABD6 /* ProductType+Mappers.swift */ = {isa = PBXFileReference; lastKnownFileType = sourcecode.swift; path = "ProductType+Mappers.swift"; sourceTree = "<group>"; };
		13C067B12A94D86C004FABD6 /* Image+Generated.swift */ = {isa = PBXFileReference; lastKnownFileType = sourcecode.swift; path = "Image+Generated.swift"; sourceTree = "<group>"; };
		13C067B72A94E483004FABD6 /* CartManager.swift */ = {isa = PBXFileReference; lastKnownFileType = sourcecode.swift; path = CartManager.swift; sourceTree = "<group>"; };
		13C067BA2A94E4D4004FABD6 /* Purchase.swift */ = {isa = PBXFileReference; lastKnownFileType = sourcecode.swift; path = Purchase.swift; sourceTree = "<group>"; };
		13C067BD2A94E60A004FABD6 /* ProductSize.swift */ = {isa = PBXFileReference; lastKnownFileType = sourcecode.swift; path = ProductSize.swift; sourceTree = "<group>"; };
		13C067C22A94E821004FABD6 /* QuantitySelectorView.swift */ = {isa = PBXFileReference; lastKnownFileType = sourcecode.swift; path = QuantitySelectorView.swift; sourceTree = "<group>"; };
		13C067C52A94EB3D004FABD6 /* CartViewModel.swift */ = {isa = PBXFileReference; lastKnownFileType = sourcecode.swift; path = CartViewModel.swift; sourceTree = "<group>"; };
		13C067C72A94EFED004FABD6 /* CartCellView.swift */ = {isa = PBXFileReference; lastKnownFileType = sourcecode.swift; path = CartCellView.swift; sourceTree = "<group>"; };
		13C067C92A94F294004FABD6 /* CartView.swift */ = {isa = PBXFileReference; lastKnownFileType = sourcecode.swift; path = CartView.swift; sourceTree = "<group>"; };
		13C067CC2A94F934004FABD6 /* ProductCellView.swift */ = {isa = PBXFileReference; lastKnownFileType = sourcecode.swift; path = ProductCellView.swift; sourceTree = "<group>"; };
		13C067CE2A94FCC1004FABD6 /* ProductDetailView.swift */ = {isa = PBXFileReference; lastKnownFileType = sourcecode.swift; path = ProductDetailView.swift; sourceTree = "<group>"; };
		13C067D02A950654004FABD6 /* ProductListView.swift */ = {isa = PBXFileReference; lastKnownFileType = sourcecode.swift; path = ProductListView.swift; sourceTree = "<group>"; };
		13C067D32A9506B5004FABD6 /* ProductListViewModel.swift */ = {isa = PBXFileReference; lastKnownFileType = sourcecode.swift; path = ProductListViewModel.swift; sourceTree = "<group>"; };
		13D0505E2A94A258004223B2 /* Clean_NBAStore.app */ = {isa = PBXFileReference; explicitFileType = wrapper.application; includeInIndex = 0; path = Clean_NBAStore.app; sourceTree = BUILT_PRODUCTS_DIR; };
		13D050612A94A258004223B2 /* Clean_NBAStoreApp.swift */ = {isa = PBXFileReference; lastKnownFileType = sourcecode.swift; path = Clean_NBAStoreApp.swift; sourceTree = "<group>"; };
		13D050632A94A258004223B2 /* NBAStoreTabView.swift */ = {isa = PBXFileReference; lastKnownFileType = sourcecode.swift; path = NBAStoreTabView.swift; sourceTree = "<group>"; };
		13D050652A94A259004223B2 /* Assets.xcassets */ = {isa = PBXFileReference; lastKnownFileType = folder.assetcatalog; path = Assets.xcassets; sourceTree = "<group>"; };
		13D050682A94A259004223B2 /* Preview Assets.xcassets */ = {isa = PBXFileReference; lastKnownFileType = folder.assetcatalog; path = "Preview Assets.xcassets"; sourceTree = "<group>"; };
		13D050772A94A571004223B2 /* products.json */ = {isa = PBXFileReference; lastKnownFileType = text.json; path = products.json; sourceTree = "<group>"; };
		13D0507A2A94AD05004223B2 /* APIError.swift */ = {isa = PBXFileReference; lastKnownFileType = sourcecode.swift; path = APIError.swift; sourceTree = "<group>"; };
		13D0507C2A94AD47004223B2 /* ModelData.swift */ = {isa = PBXFileReference; lastKnownFileType = sourcecode.swift; path = ModelData.swift; sourceTree = "<group>"; };
		13D050802A94AE54004223B2 /* ProductDTO.swift */ = {isa = PBXFileReference; lastKnownFileType = sourcecode.swift; path = ProductDTO.swift; sourceTree = "<group>"; };
		13D050822A94AFD9004223B2 /* ProductTypeDTO.swift */ = {isa = PBXFileReference; lastKnownFileType = sourcecode.swift; path = ProductTypeDTO.swift; sourceTree = "<group>"; };
		13D050842A94B6C8004223B2 /* API.swift */ = {isa = PBXFileReference; lastKnownFileType = sourcecode.swift; path = API.swift; sourceTree = "<group>"; };
		13D050872A94B78C004223B2 /* ProductRepositoryDefault.swift */ = {isa = PBXFileReference; lastKnownFileType = sourcecode.swift; path = ProductRepositoryDefault.swift; sourceTree = "<group>"; };
		13D0508A2A94B7F7004223B2 /* ProductRepository.swift */ = {isa = PBXFileReference; lastKnownFileType = sourcecode.swift; path = ProductRepository.swift; sourceTree = "<group>"; };
		13D0508D2A94B828004223B2 /* Product.swift */ = {isa = PBXFileReference; lastKnownFileType = sourcecode.swift; path = Product.swift; sourceTree = "<group>"; };
		13D0508F2A94B873004223B2 /* ProductType.swift */ = {isa = PBXFileReference; lastKnownFileType = sourcecode.swift; path = ProductType.swift; sourceTree = "<group>"; };
		13D050912A94C1AA004223B2 /* Product+MappingError.swift */ = {isa = PBXFileReference; lastKnownFileType = sourcecode.swift; path = "Product+MappingError.swift"; sourceTree = "<group>"; };
		13D050992A94C4C1004223B2 /* Product+Mappers.swift */ = {isa = PBXFileReference; lastKnownFileType = sourcecode.swift; path = "Product+Mappers.swift"; sourceTree = "<group>"; };
/* End PBXFileReference section */

/* Begin PBXFrameworksBuildPhase section */
		13D0505B2A94A258004223B2 /* Frameworks */ = {
			isa = PBXFrameworksBuildPhase;
			buildActionMask = 2147483647;
			files = (
			);
			runOnlyForDeploymentPostprocessing = 0;
		};
/* End PBXFrameworksBuildPhase section */

/* Begin PBXGroup section */
		13C067B32A94D9EF004FABD6 /* Modules */ = {
			isa = PBXGroup;
			children = (
				13C067B52A94E3EB004FABD6 /* Cart */,
				13C067B42A94D9F6004FABD6 /* Product */,
			);
			path = Modules;
			sourceTree = "<group>";
		};
		13C067B42A94D9F6004FABD6 /* Product */ = {
			isa = PBXGroup;
			children = (
				13C067D22A9506A7004FABD6 /* ViewModel */,
				13C067C02A94E803004FABD6 /* Views */,
				13C067BC2A94E5FA004FABD6 /* Model */,
			);
			path = Product;
			sourceTree = "<group>";
		};
		13C067B52A94E3EB004FABD6 /* Cart */ = {
			isa = PBXGroup;
			children = (
				13C067C42A94EB07004FABD6 /* ViewModel */,
				13C067BF2A94E7F4004FABD6 /* Views */,
				13C067B92A94E4C4004FABD6 /* Model */,
				13C067B62A94E414004FABD6 /* Protocol */,
			);
			path = Cart;
			sourceTree = "<group>";
		};
		13C067B62A94E414004FABD6 /* Protocol */ = {
			isa = PBXGroup;
			children = (
				13C067B72A94E483004FABD6 /* CartManager.swift */,
			);
			path = Protocol;
			sourceTree = "<group>";
		};
		13C067B92A94E4C4004FABD6 /* Model */ = {
			isa = PBXGroup;
			children = (
				13C067BA2A94E4D4004FABD6 /* Purchase.swift */,
			);
			path = Model;
			sourceTree = "<group>";
		};
		13C067BC2A94E5FA004FABD6 /* Model */ = {
			isa = PBXGroup;
			children = (
				13C067BD2A94E60A004FABD6 /* ProductSize.swift */,
			);
			path = Model;
			sourceTree = "<group>";
		};
		13C067BF2A94E7F4004FABD6 /* Views */ = {
			isa = PBXGroup;
			children = (
				13C067C12A94E80A004FABD6 /* Components */,
				13C067C92A94F294004FABD6 /* CartView.swift */,
			);
			path = Views;
			sourceTree = "<group>";
		};
		13C067C02A94E803004FABD6 /* Views */ = {
			isa = PBXGroup;
			children = (
				13C067CB2A94F922004FABD6 /* Component */,
				13C067CE2A94FCC1004FABD6 /* ProductDetailView.swift */,
				13C067D02A950654004FABD6 /* ProductListView.swift */,
			);
			path = Views;
			sourceTree = "<group>";
		};
		13C067C12A94E80A004FABD6 /* Components */ = {
			isa = PBXGroup;
			children = (
				13C067C22A94E821004FABD6 /* QuantitySelectorView.swift */,
				13C067C72A94EFED004FABD6 /* CartCellView.swift */,
			);
			path = Components;
			sourceTree = "<group>";
		};
		13C067C42A94EB07004FABD6 /* ViewModel */ = {
			isa = PBXGroup;
			children = (
				13C067C52A94EB3D004FABD6 /* CartViewModel.swift */,
			);
			path = ViewModel;
			sourceTree = "<group>";
		};
		13C067CB2A94F922004FABD6 /* Component */ = {
			isa = PBXGroup;
			children = (
				13C067CC2A94F934004FABD6 /* ProductCellView.swift */,
			);
			path = Component;
			sourceTree = "<group>";
		};
		13C067D22A9506A7004FABD6 /* ViewModel */ = {
			isa = PBXGroup;
			children = (
				13C067D32A9506B5004FABD6 /* ProductListViewModel.swift */,
			);
			path = ViewModel;
			sourceTree = "<group>";
		};
		13D050552A94A258004223B2 = {
			isa = PBXGroup;
			children = (
				13D050602A94A258004223B2 /* Clean_NBAStore */,
				13D0505F2A94A258004223B2 /* Products */,
			);
			sourceTree = "<group>";
		};
		13D0505F2A94A258004223B2 /* Products */ = {
			isa = PBXGroup;
			children = (
				13D0505E2A94A258004223B2 /* Clean_NBAStore.app */,
			);
			name = Products;
			sourceTree = "<group>";
		};
		13D050602A94A258004223B2 /* Clean_NBAStore */ = {
			isa = PBXGroup;
			children = (
				13D050702A94A318004223B2 /* Data */,
				13D0506F2A94A312004223B2 /* Domain */,
				13D050712A94A31C004223B2 /* Presentation */,
				13D050722A94A373004223B2 /* Resources */,
				13D050612A94A258004223B2 /* Clean_NBAStoreApp.swift */,
				13D050632A94A258004223B2 /* NBAStoreTabView.swift */,
				13D050672A94A259004223B2 /* Preview Content */,
			);
			path = Clean_NBAStore;
			sourceTree = "<group>";
		};
		13D050672A94A259004223B2 /* Preview Content */ = {
			isa = PBXGroup;
			children = (
				13D050682A94A259004223B2 /* Preview Assets.xcassets */,
			);
			path = "Preview Content";
			sourceTree = "<group>";
		};
		13D0506F2A94A312004223B2 /* Domain */ = {
			isa = PBXGroup;
			children = (
				13D0508C2A94B81E004223B2 /* Models */,
				13D050932A94C21F004223B2 /* Mappers */,
				13D050892A94B7E6004223B2 /* Product */,
			);
			path = Domain;
			sourceTree = "<group>";
		};
		13D050702A94A318004223B2 /* Data */ = {
			isa = PBXGroup;
			children = (
				13D0507E2A94ADAB004223B2 /* DTO */,
				13D050792A94AC49004223B2 /* Networking */,
				13D050862A94B732004223B2 /* Repository */,
			);
			path = Data;
			sourceTree = "<group>";
		};
		13D050712A94A31C004223B2 /* Presentation */ = {
			isa = PBXGroup;
			children = (
				13C067B32A94D9EF004FABD6 /* Modules */,
			);
			path = Presentation;
			sourceTree = "<group>";
		};
		13D050722A94A373004223B2 /* Resources */ = {
			isa = PBXGroup;
			children = (
				13D050742A94A39D004223B2 /* Assets */,
				13D050732A94A384004223B2 /* JSON */,
				13C067B12A94D86C004FABD6 /* Image+Generated.swift */,
			);
			path = Resources;
			sourceTree = "<group>";
		};
		13D050732A94A384004223B2 /* JSON */ = {
			isa = PBXGroup;
			children = (
				13D050772A94A571004223B2 /* products.json */,
			);
			path = JSON;
			sourceTree = "<group>";
		};
		13D050742A94A39D004223B2 /* Assets */ = {
			isa = PBXGroup;
			children = (
				13D050652A94A259004223B2 /* Assets.xcassets */,
			);
			path = Assets;
			sourceTree = "<group>";
		};
		13D050792A94AC49004223B2 /* Networking */ = {
			isa = PBXGroup;
			children = (
				13D0507A2A94AD05004223B2 /* APIError.swift */,
				13D0507C2A94AD47004223B2 /* ModelData.swift */,
				13D050842A94B6C8004223B2 /* API.swift */,
			);
			path = Networking;
			sourceTree = "<group>";
		};
		13D0507E2A94ADAB004223B2 /* DTO */ = {
			isa = PBXGroup;
			children = (
				13D0507F2A94AE3F004223B2 /* Product */,
			);
			path = DTO;
			sourceTree = "<group>";
		};
		13D0507F2A94AE3F004223B2 /* Product */ = {
			isa = PBXGroup;
			children = (
				13D050802A94AE54004223B2 /* ProductDTO.swift */,
				13D050822A94AFD9004223B2 /* ProductTypeDTO.swift */,
			);
			path = Product;
			sourceTree = "<group>";
		};
		13D050862A94B732004223B2 /* Repository */ = {
			isa = PBXGroup;
			children = (
				13D050872A94B78C004223B2 /* ProductRepositoryDefault.swift */,
			);
			path = Repository;
			sourceTree = "<group>";
		};
		13D050892A94B7E6004223B2 /* Product */ = {
			isa = PBXGroup;
			children = (
				13D0508A2A94B7F7004223B2 /* ProductRepository.swift */,
			);
			path = Product;
			sourceTree = "<group>";
		};
		13D0508C2A94B81E004223B2 /* Models */ = {
			isa = PBXGroup;
			children = (
				13D0508D2A94B828004223B2 /* Product.swift */,
				13D0508F2A94B873004223B2 /* ProductType.swift */,
			);
			path = Models;
			sourceTree = "<group>";
		};
		13D050932A94C21F004223B2 /* Mappers */ = {
			isa = PBXGroup;
			children = (
				13D050962A94C47F004223B2 /* Error */,
				13D050992A94C4C1004223B2 /* Product+Mappers.swift */,
				13C067AF2A94CEE0004FABD6 /* ProductType+Mappers.swift */,
			);
			path = Mappers;
			sourceTree = "<group>";
		};
		13D050962A94C47F004223B2 /* Error */ = {
			isa = PBXGroup;
			children = (
				13D050912A94C1AA004223B2 /* Product+MappingError.swift */,
			);
			path = Error;
			sourceTree = "<group>";
		};
/* End PBXGroup section */

/* Begin PBXNativeTarget section */
		13D0505D2A94A258004223B2 /* Clean_NBAStore */ = {
			isa = PBXNativeTarget;
			buildConfigurationList = 13D0506C2A94A259004223B2 /* Build configuration list for PBXNativeTarget "Clean_NBAStore" */;
			buildPhases = (
				13D0505A2A94A258004223B2 /* Sources */,
				13D0505B2A94A258004223B2 /* Frameworks */,
				13D0505C2A94A258004223B2 /* Resources */,
			);
			buildRules = (
			);
			dependencies = (
			);
			name = Clean_NBAStore;
			productName = Clean_NBAStore;
			productReference = 13D0505E2A94A258004223B2 /* Clean_NBAStore.app */;
			productType = "com.apple.product-type.application";
		};
/* End PBXNativeTarget section */

/* Begin PBXProject section */
		13D050562A94A258004223B2 /* Project object */ = {
			isa = PBXProject;
			attributes = {
				BuildIndependentTargetsInParallel = 1;
				LastSwiftUpdateCheck = 1430;
				LastUpgradeCheck = 1430;
				TargetAttributes = {
					13D0505D2A94A258004223B2 = {
						CreatedOnToolsVersion = 14.3.1;
					};
				};
			};
			buildConfigurationList = 13D050592A94A258004223B2 /* Build configuration list for PBXProject "Clean_NBAStore" */;
			compatibilityVersion = "Xcode 14.0";
			developmentRegion = en;
			hasScannedForEncodings = 0;
			knownRegions = (
				en,
				Base,
			);
			mainGroup = 13D050552A94A258004223B2;
			productRefGroup = 13D0505F2A94A258004223B2 /* Products */;
			projectDirPath = "";
			projectRoot = "";
			targets = (
				13D0505D2A94A258004223B2 /* Clean_NBAStore */,
			);
		};
/* End PBXProject section */

/* Begin PBXResourcesBuildPhase section */
		13D0505C2A94A258004223B2 /* Resources */ = {
			isa = PBXResourcesBuildPhase;
			buildActionMask = 2147483647;
			files = (
				13D050782A94A571004223B2 /* products.json in Resources */,
				13D050692A94A259004223B2 /* Preview Assets.xcassets in Resources */,
				13D050662A94A259004223B2 /* Assets.xcassets in Resources */,
			);
			runOnlyForDeploymentPostprocessing = 0;
		};
/* End PBXResourcesBuildPhase section */

/* Begin PBXSourcesBuildPhase section */
		13D0505A2A94A258004223B2 /* Sources */ = {
			isa = PBXSourcesBuildPhase;
			buildActionMask = 2147483647;
			files = (
				13D050642A94A258004223B2 /* NBAStoreTabView.swift in Sources */,
				13D050832A94AFD9004223B2 /* ProductTypeDTO.swift in Sources */,
				13D050902A94B873004223B2 /* ProductType.swift in Sources */,
				13C067B22A94D86C004FABD6 /* Image+Generated.swift in Sources */,
				13C067B82A94E483004FABD6 /* CartManager.swift in Sources */,
				13D0508B2A94B7F7004223B2 /* ProductRepository.swift in Sources */,
				13C067CA2A94F294004FABD6 /* CartView.swift in Sources */,
				13D0507D2A94AD47004223B2 /* ModelData.swift in Sources */,
				13D050622A94A258004223B2 /* Clean_NBAStoreApp.swift in Sources */,
				13C067B02A94CEE0004FABD6 /* ProductType+Mappers.swift in Sources */,
				13D0507B2A94AD05004223B2 /* APIError.swift in Sources */,
				13C067CD2A94F934004FABD6 /* ProductCellView.swift in Sources */,
				13D050812A94AE54004223B2 /* ProductDTO.swift in Sources */,
				13C067C82A94EFED004FABD6 /* CartCellView.swift in Sources */,
				13D0508E2A94B828004223B2 /* Product.swift in Sources */,
				13C067BB2A94E4D4004FABD6 /* Purchase.swift in Sources */,
				13D050852A94B6C8004223B2 /* API.swift in Sources */,
				13C067CF2A94FCC1004FABD6 /* ProductDetailView.swift in Sources */,
				13C067BE2A94E60A004FABD6 /* ProductSize.swift in Sources */,
				13D050882A94B78C004223B2 /* ProductRepositoryDefault.swift in Sources */,
				13C067D42A9506B5004FABD6 /* ProductListViewModel.swift in Sources */,
				13C067C62A94EB3D004FABD6 /* CartViewModel.swift in Sources */,
				13C067C32A94E821004FABD6 /* QuantitySelectorView.swift in Sources */,
				13D050922A94C1AA004223B2 /* Product+MappingError.swift in Sources */,
				13D0509A2A94C4C1004223B2 /* Product+Mappers.swift in Sources */,
				13C067D12A950654004FABD6 /* ProductListView.swift in Sources */,
			);
			runOnlyForDeploymentPostprocessing = 0;
		};
/* End PBXSourcesBuildPhase section */

/* Begin XCBuildConfiguration section */
		13D0506A2A94A259004223B2 /* Debug */ = {
			isa = XCBuildConfiguration;
			buildSettings = {
				ALWAYS_SEARCH_USER_PATHS = NO;
				CLANG_ANALYZER_NONNULL = YES;
				CLANG_ANALYZER_NUMBER_OBJECT_CONVERSION = YES_AGGRESSIVE;
				CLANG_CXX_LANGUAGE_STANDARD = "gnu++20";
				CLANG_ENABLE_MODULES = YES;
				CLANG_ENABLE_OBJC_ARC = YES;
				CLANG_ENABLE_OBJC_WEAK = YES;
				CLANG_WARN_BLOCK_CAPTURE_AUTORELEASING = YES;
				CLANG_WARN_BOOL_CONVERSION = YES;
				CLANG_WARN_COMMA = YES;
				CLANG_WARN_CONSTANT_CONVERSION = YES;
				CLANG_WARN_DEPRECATED_OBJC_IMPLEMENTATIONS = YES;
				CLANG_WARN_DIRECT_OBJC_ISA_USAGE = YES_ERROR;
				CLANG_WARN_DOCUMENTATION_COMMENTS = YES;
				CLANG_WARN_EMPTY_BODY = YES;
				CLANG_WARN_ENUM_CONVERSION = YES;
				CLANG_WARN_INFINITE_RECURSION = YES;
				CLANG_WARN_INT_CONVERSION = YES;
				CLANG_WARN_NON_LITERAL_NULL_CONVERSION = YES;
				CLANG_WARN_OBJC_IMPLICIT_RETAIN_SELF = YES;
				CLANG_WARN_OBJC_LITERAL_CONVERSION = YES;
				CLANG_WARN_OBJC_ROOT_CLASS = YES_ERROR;
				CLANG_WARN_QUOTED_INCLUDE_IN_FRAMEWORK_HEADER = YES;
				CLANG_WARN_RANGE_LOOP_ANALYSIS = YES;
				CLANG_WARN_STRICT_PROTOTYPES = YES;
				CLANG_WARN_SUSPICIOUS_MOVE = YES;
				CLANG_WARN_UNGUARDED_AVAILABILITY = YES_AGGRESSIVE;
				CLANG_WARN_UNREACHABLE_CODE = YES;
				CLANG_WARN__DUPLICATE_METHOD_MATCH = YES;
				COPY_PHASE_STRIP = NO;
				DEBUG_INFORMATION_FORMAT = dwarf;
				ENABLE_STRICT_OBJC_MSGSEND = YES;
				ENABLE_TESTABILITY = YES;
				GCC_C_LANGUAGE_STANDARD = gnu11;
				GCC_DYNAMIC_NO_PIC = NO;
				GCC_NO_COMMON_BLOCKS = YES;
				GCC_OPTIMIZATION_LEVEL = 0;
				GCC_PREPROCESSOR_DEFINITIONS = (
					"DEBUG=1",
					"$(inherited)",
				);
				GCC_WARN_64_TO_32_BIT_CONVERSION = YES;
				GCC_WARN_ABOUT_RETURN_TYPE = YES_ERROR;
				GCC_WARN_UNDECLARED_SELECTOR = YES;
				GCC_WARN_UNINITIALIZED_AUTOS = YES_AGGRESSIVE;
				GCC_WARN_UNUSED_FUNCTION = YES;
				GCC_WARN_UNUSED_VARIABLE = YES;
				IPHONEOS_DEPLOYMENT_TARGET = 16.4;
				MTL_ENABLE_DEBUG_INFO = INCLUDE_SOURCE;
				MTL_FAST_MATH = YES;
				ONLY_ACTIVE_ARCH = YES;
				SDKROOT = iphoneos;
				SWIFT_ACTIVE_COMPILATION_CONDITIONS = DEBUG;
				SWIFT_OPTIMIZATION_LEVEL = "-Onone";
			};
			name = Debug;
		};
		13D0506B2A94A259004223B2 /* Release */ = {
			isa = XCBuildConfiguration;
			buildSettings = {
				ALWAYS_SEARCH_USER_PATHS = NO;
				CLANG_ANALYZER_NONNULL = YES;
				CLANG_ANALYZER_NUMBER_OBJECT_CONVERSION = YES_AGGRESSIVE;
				CLANG_CXX_LANGUAGE_STANDARD = "gnu++20";
				CLANG_ENABLE_MODULES = YES;
				CLANG_ENABLE_OBJC_ARC = YES;
				CLANG_ENABLE_OBJC_WEAK = YES;
				CLANG_WARN_BLOCK_CAPTURE_AUTORELEASING = YES;
				CLANG_WARN_BOOL_CONVERSION = YES;
				CLANG_WARN_COMMA = YES;
				CLANG_WARN_CONSTANT_CONVERSION = YES;
				CLANG_WARN_DEPRECATED_OBJC_IMPLEMENTATIONS = YES;
				CLANG_WARN_DIRECT_OBJC_ISA_USAGE = YES_ERROR;
				CLANG_WARN_DOCUMENTATION_COMMENTS = YES;
				CLANG_WARN_EMPTY_BODY = YES;
				CLANG_WARN_ENUM_CONVERSION = YES;
				CLANG_WARN_INFINITE_RECURSION = YES;
				CLANG_WARN_INT_CONVERSION = YES;
				CLANG_WARN_NON_LITERAL_NULL_CONVERSION = YES;
				CLANG_WARN_OBJC_IMPLICIT_RETAIN_SELF = YES;
				CLANG_WARN_OBJC_LITERAL_CONVERSION = YES;
				CLANG_WARN_OBJC_ROOT_CLASS = YES_ERROR;
				CLANG_WARN_QUOTED_INCLUDE_IN_FRAMEWORK_HEADER = YES;
				CLANG_WARN_RANGE_LOOP_ANALYSIS = YES;
				CLANG_WARN_STRICT_PROTOTYPES = YES;
				CLANG_WARN_SUSPICIOUS_MOVE = YES;
				CLANG_WARN_UNGUARDED_AVAILABILITY = YES_AGGRESSIVE;
				CLANG_WARN_UNREACHABLE_CODE = YES;
				CLANG_WARN__DUPLICATE_METHOD_MATCH = YES;
				COPY_PHASE_STRIP = NO;
				DEBUG_INFORMATION_FORMAT = "dwarf-with-dsym";
				ENABLE_NS_ASSERTIONS = NO;
				ENABLE_STRICT_OBJC_MSGSEND = YES;
				GCC_C_LANGUAGE_STANDARD = gnu11;
				GCC_NO_COMMON_BLOCKS = YES;
				GCC_WARN_64_TO_32_BIT_CONVERSION = YES;
				GCC_WARN_ABOUT_RETURN_TYPE = YES_ERROR;
				GCC_WARN_UNDECLARED_SELECTOR = YES;
				GCC_WARN_UNINITIALIZED_AUTOS = YES_AGGRESSIVE;
				GCC_WARN_UNUSED_FUNCTION = YES;
				GCC_WARN_UNUSED_VARIABLE = YES;
				IPHONEOS_DEPLOYMENT_TARGET = 16.4;
				MTL_ENABLE_DEBUG_INFO = NO;
				MTL_FAST_MATH = YES;
				SDKROOT = iphoneos;
				SWIFT_COMPILATION_MODE = wholemodule;
				SWIFT_OPTIMIZATION_LEVEL = "-O";
				VALIDATE_PRODUCT = YES;
			};
			name = Release;
		};
		13D0506D2A94A259004223B2 /* Debug */ = {
			isa = XCBuildConfiguration;
			buildSettings = {
				ASSETCATALOG_COMPILER_APPICON_NAME = AppIcon;
				ASSETCATALOG_COMPILER_GLOBAL_ACCENT_COLOR_NAME = AccentColor;
				CODE_SIGN_STYLE = Automatic;
				CURRENT_PROJECT_VERSION = 1;
				DEVELOPMENT_ASSET_PATHS = "\"Clean_NBAStore/Preview Content\"";
				DEVELOPMENT_TEAM = 8683PB3PNR;
				ENABLE_PREVIEWS = YES;
				GENERATE_INFOPLIST_FILE = YES;
				INFOPLIST_KEY_UIApplicationSceneManifest_Generation = YES;
				INFOPLIST_KEY_UIApplicationSupportsIndirectInputEvents = YES;
				INFOPLIST_KEY_UILaunchScreen_Generation = YES;
				INFOPLIST_KEY_UISupportedInterfaceOrientations_iPad = "UIInterfaceOrientationPortrait UIInterfaceOrientationPortraitUpsideDown UIInterfaceOrientationLandscapeLeft UIInterfaceOrientationLandscapeRight";
				INFOPLIST_KEY_UISupportedInterfaceOrientations_iPhone = "UIInterfaceOrientationPortrait UIInterfaceOrientationLandscapeLeft UIInterfaceOrientationLandscapeRight";
				LD_RUNPATH_SEARCH_PATHS = (
					"$(inherited)",
					"@executable_path/Frameworks",
				);
				MARKETING_VERSION = 1.0;
				PRODUCT_BUNDLE_IDENTIFIER = "com.iJoe.Clean-NBAStore";
				PRODUCT_NAME = "$(TARGET_NAME)";
				SWIFT_EMIT_LOC_STRINGS = YES;
				SWIFT_VERSION = 5.0;
				TARGETED_DEVICE_FAMILY = "1,2";
			};
			name = Debug;
		};
		13D0506E2A94A259004223B2 /* Release */ = {
			isa = XCBuildConfiguration;
			buildSettings = {
				ASSETCATALOG_COMPILER_APPICON_NAME = AppIcon;
				ASSETCATALOG_COMPILER_GLOBAL_ACCENT_COLOR_NAME = AccentColor;
				CODE_SIGN_STYLE = Automatic;
				CURRENT_PROJECT_VERSION = 1;
				DEVELOPMENT_ASSET_PATHS = "\"Clean_NBAStore/Preview Content\"";
				DEVELOPMENT_TEAM = 8683PB3PNR;
				ENABLE_PREVIEWS = YES;
				GENERATE_INFOPLIST_FILE = YES;
				INFOPLIST_KEY_UIApplicationSceneManifest_Generation = YES;
				INFOPLIST_KEY_UIApplicationSupportsIndirectInputEvents = YES;
				INFOPLIST_KEY_UILaunchScreen_Generation = YES;
				INFOPLIST_KEY_UISupportedInterfaceOrientations_iPad = "UIInterfaceOrientationPortrait UIInterfaceOrientationPortraitUpsideDown UIInterfaceOrientationLandscapeLeft UIInterfaceOrientationLandscapeRight";
				INFOPLIST_KEY_UISupportedInterfaceOrientations_iPhone = "UIInterfaceOrientationPortrait UIInterfaceOrientationLandscapeLeft UIInterfaceOrientationLandscapeRight";
				LD_RUNPATH_SEARCH_PATHS = (
					"$(inherited)",
					"@executable_path/Frameworks",
				);
				MARKETING_VERSION = 1.0;
				PRODUCT_BUNDLE_IDENTIFIER = "com.iJoe.Clean-NBAStore";
				PRODUCT_NAME = "$(TARGET_NAME)";
				SWIFT_EMIT_LOC_STRINGS = YES;
				SWIFT_VERSION = 5.0;
				TARGETED_DEVICE_FAMILY = "1,2";
			};
			name = Release;
		};
/* End XCBuildConfiguration section */

/* Begin XCConfigurationList section */
		13D050592A94A258004223B2 /* Build configuration list for PBXProject "Clean_NBAStore" */ = {
			isa = XCConfigurationList;
			buildConfigurations = (
				13D0506A2A94A259004223B2 /* Debug */,
				13D0506B2A94A259004223B2 /* Release */,
			);
			defaultConfigurationIsVisible = 0;
			defaultConfigurationName = Release;
		};
		13D0506C2A94A259004223B2 /* Build configuration list for PBXNativeTarget "Clean_NBAStore" */ = {
			isa = XCConfigurationList;
			buildConfigurations = (
				13D0506D2A94A259004223B2 /* Debug */,
				13D0506E2A94A259004223B2 /* Release */,
			);
			defaultConfigurationIsVisible = 0;
			defaultConfigurationName = Release;
		};
/* End XCConfigurationList section */
	};
	rootObject = 13D050562A94A258004223B2 /* Project object */;
}
